
Microsoft Visual Studio Solution File, Format Version 12.00
Project("{FAE04EC0-301F-11D3-BF4B-00C04F79EFBC}") = "HeadHunter", "HeadHunter\HeadHunter.csproj", "{52E3D8F0-45A6-4FF8-BC29-AE64B43C3997}"
EndProject
Global
	GlobalSection(SolutionConfigurationPlatforms) = preSolution
		Debug|Any CPU = Debug|Any CPU
		Release|Any CPU = Release|Any CPU
	EndGlobalSection
	GlobalSection(ProjectConfigurationPlatforms) = postSolution
		{52E3D8F0-45A6-4FF8-BC29-AE64B43C3997}.Debug|Any CPU.ActiveCfg = Debug|Any CPU
		{52E3D8F0-45A6-4FF8-BC29-AE64B43C3997}.Debug|Any CPU.Build.0 = Debug|Any CPU
		{52E3D8F0-45A6-4FF8-BC29-AE64B43C3997}.Release|Any CPU.ActiveCfg = Release|Any CPU
		{52E3D8F0-45A6-4FF8-BC29-AE64B43C3997}.Release|Any CPU.Build.0 = Release|Any CPU
	EndGlobalSection
EndGlobal
